
Microsoft Visual Studio Solution File, Format Version 12.00
# Visual Studio 14
VisualStudioVersion = 14.0.23107.0
MinimumVisualStudioVersion = 10.0.40219.1
Project("{FAE04EC0-301F-11D3-BF4B-00C04F79EFBC}") = "Capa.DAC", "Capa.DAC\Capa.DAC.csproj", "{F974EBD4-71FA-45F2-AFC0-B8DE7B33024A}"
EndProject
Project("{FAE04EC0-301F-11D3-BF4B-00C04F79EFBC}") = "Capa.BC", "Capa.BC\Capa.BC.csproj", "{5859824C-2A0D-4C2C-99C9-33456098A995}"
EndProject
Project("{FAE04EC0-301F-11D3-BF4B-00C04F79EFBC}") = "Capa.Entities", "Capa.Entities\Capa.Entities.csproj", "{B6C16BFD-ECED-4E1D-B897-A1D9AF01A6B3}"
EndProject
Project("{FAE04EC0-301F-11D3-BF4B-00C04F79EFBC}") = "Presentacion", "Presentacion\Presentacion.csproj", "{931E8824-EDB1-4C09-B573-320E86E109B5}"
EndProject
Global
	GlobalSection(SolutionConfigurationPlatforms) = preSolution
		Debug|Any CPU = Debug|Any CPU
		Release|Any CPU = Release|Any CPU
	EndGlobalSection
	GlobalSection(ProjectConfigurationPlatforms) = postSolution
		{F974EBD4-71FA-45F2-AFC0-B8DE7B33024A}.Debug|Any CPU.ActiveCfg = Debug|Any CPU
		{F974EBD4-71FA-45F2-AFC0-B8DE7B33024A}.Debug|Any CPU.Build.0 = Debug|Any CPU
		{F974EBD4-71FA-45F2-AFC0-B8DE7B33024A}.Release|Any CPU.ActiveCfg = Release|Any CPU
		{F974EBD4-71FA-45F2-AFC0-B8DE7B33024A}.Release|Any CPU.Build.0 = Release|Any CPU
		{5859824C-2A0D-4C2C-99C9-33456098A995}.Debug|Any CPU.ActiveCfg = Debug|Any CPU
		{5859824C-2A0D-4C2C-99C9-33456098A995}.Debug|Any CPU.Build.0 = Debug|Any CPU
		{5859824C-2A0D-4C2C-99C9-33456098A995}.Release|Any CPU.ActiveCfg = Release|Any CPU
		{5859824C-2A0D-4C2C-99C9-33456098A995}.Release|Any CPU.Build.0 = Release|Any CPU
		{B6C16BFD-ECED-4E1D-B897-A1D9AF01A6B3}.Debug|Any CPU.ActiveCfg = Debug|Any CPU
		{B6C16BFD-ECED-4E1D-B897-A1D9AF01A6B3}.Debug|Any CPU.Build.0 = Debug|Any CPU
		{B6C16BFD-ECED-4E1D-B897-A1D9AF01A6B3}.Release|Any CPU.ActiveCfg = Release|Any CPU
		{B6C16BFD-ECED-4E1D-B897-A1D9AF01A6B3}.Release|Any CPU.Build.0 = Release|Any CPU
		{931E8824-EDB1-4C09-B573-320E86E109B5}.Debug|Any CPU.ActiveCfg = Debug|Any CPU
		{931E8824-EDB1-4C09-B573-320E86E109B5}.Debug|Any CPU.Build.0 = Debug|Any CPU
		{931E8824-EDB1-4C09-B573-320E86E109B5}.Release|Any CPU.ActiveCfg = Release|Any CPU
		{931E8824-EDB1-4C09-B573-320E86E109B5}.Release|Any CPU.Build.0 = Release|Any CPU
	EndGlobalSection
	GlobalSection(SolutionProperties) = preSolution
		HideSolutionNode = FALSE
	EndGlobalSection
EndGlobal
